// !$*UTF8*$!
{
	archiveVersion = 1;
	classes = {
	};
	objectVersion = 46;
	objects = {

/* Begin PBXBuildFile section */
		AA747D9F0F9514B9006C5449 /* iPhoneTools_Prefix.pch in Headers */ = {isa = PBXBuildFile; fileRef = AA747D9E0F9514B9006C5449 /* iPhoneTools_Prefix.pch */; };
		AACBBE4A0F95108600F1A2B1 /* Foundation.framework in Frameworks */ = {isa = PBXBuildFile; fileRef = AACBBE490F95108600F1A2B1 /* Foundation.framework */; };
		B48D6E3F1418E3AC00C2E853 /* UIDevice+Platform.h in Headers */ = {isa = PBXBuildFile; fileRef = B48D6E3D1418E3AC00C2E853 /* UIDevice+Platform.h */; };
		B48D6E401418E3AC00C2E853 /* UIDevice+Platform.m in Sources */ = {isa = PBXBuildFile; fileRef = B48D6E3E1418E3AC00C2E853 /* UIDevice+Platform.m */; };
		DA319BF4130E8D2900103EF6 /* CryptoProvider.h in Headers */ = {isa = PBXBuildFile; fileRef = DA319BCA130E8D2900103EF6 /* CryptoProvider.h */; };
		DA319BF5130E8D2900103EF6 /* CryptoProvider.m in Sources */ = {isa = PBXBuildFile; fileRef = DA319BCB130E8D2900103EF6 /* CryptoProvider.m */; };
		DA319BF6130E8D2900103EF6 /* EncryptedFilePath.h in Headers */ = {isa = PBXBuildFile; fileRef = DA319BCC130E8D2900103EF6 /* EncryptedFilePath.h */; };
		DA319BF7130E8D2900103EF6 /* EncryptedFilePath.m in Sources */ = {isa = PBXBuildFile; fileRef = DA319BCD130E8D2900103EF6 /* EncryptedFilePath.m */; };
		DA319BF8130E8D2900103EF6 /* FilePath.h in Headers */ = {isa = PBXBuildFile; fileRef = DA319BCF130E8D2900103EF6 /* FilePath.h */; };
		DA319BF9130E8D2900103EF6 /* FilePath.m in Sources */ = {isa = PBXBuildFile; fileRef = DA319BD0130E8D2900103EF6 /* FilePath.m */; };
		DA319BFA130E8D2900103EF6 /* PagerController.h in Headers */ = {isa = PBXBuildFile; fileRef = DA319BD2130E8D2900103EF6 /* PagerController.h */; };
		DA319BFB130E8D2900103EF6 /* PagerController.m in Sources */ = {isa = PBXBuildFile; fileRef = DA319BD3130E8D2900103EF6 /* PagerController.m */; };
		DA319BFC130E8D2900103EF6 /* CGGeometry+Utils.h in Headers */ = {isa = PBXBuildFile; fileRef = DA319BD5130E8D2900103EF6 /* CGGeometry+Utils.h */; };
		DA319BFD130E8D2900103EF6 /* CGGeometry+Utils.m in Sources */ = {isa = PBXBuildFile; fileRef = DA319BD6130E8D2900103EF6 /* CGGeometry+Utils.m */; };
		DA319BFE130E8D2900103EF6 /* Log.h in Headers */ = {isa = PBXBuildFile; fileRef = DA319BD7130E8D2900103EF6 /* Log.h */; };
		DA319BFF130E8D2900103EF6 /* NSArray+Utils.h in Headers */ = {isa = PBXBuildFile; fileRef = DA319BD8130E8D2900103EF6 /* NSArray+Utils.h */; };
		DA319C00130E8D2900103EF6 /* NSArray+Utils.m in Sources */ = {isa = PBXBuildFile; fileRef = DA319BD9130E8D2900103EF6 /* NSArray+Utils.m */; };
		DA319C01130E8D2900103EF6 /* NSBundle+Utils.h in Headers */ = {isa = PBXBuildFile; fileRef = DA319BDA130E8D2900103EF6 /* NSBundle+Utils.h */; };
		DA319C02130E8D2900103EF6 /* NSBundle+Utils.m in Sources */ = {isa = PBXBuildFile; fileRef = DA319BDB130E8D2900103EF6 /* NSBundle+Utils.m */; };
		DA319C03130E8D2900103EF6 /* NSCoding.h in Headers */ = {isa = PBXBuildFile; fileRef = DA319BDC130E8D2900103EF6 /* NSCoding.h */; };
		DA319C04130E8D2900103EF6 /* NSData+MD5.h in Headers */ = {isa = PBXBuildFile; fileRef = DA319BDD130E8D2900103EF6 /* NSData+MD5.h */; };
		DA319C05130E8D2900103EF6 /* NSData+MD5.m in Sources */ = {isa = PBXBuildFile; fileRef = DA319BDE130E8D2900103EF6 /* NSData+MD5.m */; };
		DA319C06130E8D2900103EF6 /* NSDate+Utils.h in Headers */ = {isa = PBXBuildFile; fileRef = DA319BDF130E8D2900103EF6 /* NSDate+Utils.h */; };
		DA319C07130E8D2900103EF6 /* NSDate+Utils.m in Sources */ = {isa = PBXBuildFile; fileRef = DA319BE0130E8D2900103EF6 /* NSDate+Utils.m */; };
		DA319C08130E8D2900103EF6 /* NSInvocation+Utils.h in Headers */ = {isa = PBXBuildFile; fileRef = DA319BE1130E8D2900103EF6 /* NSInvocation+Utils.h */; };
		DA319C09130E8D2900103EF6 /* NSInvocation+Utils.m in Sources */ = {isa = PBXBuildFile; fileRef = DA319BE2130E8D2900103EF6 /* NSInvocation+Utils.m */; };
		DA319C0A130E8D2900103EF6 /* NSObject+Invocation.h in Headers */ = {isa = PBXBuildFile; fileRef = DA319BE3130E8D2900103EF6 /* NSObject+Invocation.h */; };
		DA319C0B130E8D2900103EF6 /* NSObject+Invocation.m in Sources */ = {isa = PBXBuildFile; fileRef = DA319BE4130E8D2900103EF6 /* NSObject+Invocation.m */; };
		DA319C0C130E8D2900103EF6 /* UIAlertView+Utils.h in Headers */ = {isa = PBXBuildFile; fileRef = DA319BE5130E8D2900103EF6 /* UIAlertView+Utils.h */; };
		DA319C0D130E8D2900103EF6 /* UIAlertView+Utils.m in Sources */ = {isa = PBXBuildFile; fileRef = DA319BE6130E8D2900103EF6 /* UIAlertView+Utils.m */; };
		DA319C0E130E8D2900103EF6 /* UIImage+Utils.h in Headers */ = {isa = PBXBuildFile; fileRef = DA319BE7130E8D2900103EF6 /* UIImage+Utils.h */; };
		DA319C0F130E8D2900103EF6 /* UIImage+Utils.m in Sources */ = {isa = PBXBuildFile; fileRef = DA319BE8130E8D2900103EF6 /* UIImage+Utils.m */; };
		DA319C10130E8D2900103EF6 /* UITableViewCell+NIB.h in Headers */ = {isa = PBXBuildFile; fileRef = DA319BE9130E8D2900103EF6 /* UITableViewCell+NIB.h */; };
		DA319C11130E8D2900103EF6 /* UITableViewCell+NIB.m in Sources */ = {isa = PBXBuildFile; fileRef = DA319BEA130E8D2900103EF6 /* UITableViewCell+NIB.m */; };
		DA319C12130E8D2900103EF6 /* UIView+Debug.h in Headers */ = {isa = PBXBuildFile; fileRef = DA319BEB130E8D2900103EF6 /* UIView+Debug.h */; };
		DA319C13130E8D2900103EF6 /* UIView+Debug.m in Sources */ = {isa = PBXBuildFile; fileRef = DA319BEC130E8D2900103EF6 /* UIView+Debug.m */; };
		DA319C14130E8D2900103EF6 /* UIView+NIB.h in Headers */ = {isa = PBXBuildFile; fileRef = DA319BED130E8D2900103EF6 /* UIView+NIB.h */; };
		DA319C15130E8D2900103EF6 /* UIView+NIB.m in Sources */ = {isa = PBXBuildFile; fileRef = DA319BEE130E8D2900103EF6 /* UIView+NIB.m */; };
		DA319C16130E8D2900103EF6 /* UIWebView+Utils.h in Headers */ = {isa = PBXBuildFile; fileRef = DA319BEF130E8D2900103EF6 /* UIWebView+Utils.h */; };
		DA319C17130E8D2900103EF6 /* UIWebView+Utils.m in Sources */ = {isa = PBXBuildFile; fileRef = DA319BF0130E8D2900103EF6 /* UIWebView+Utils.m */; };
		DA319C18130E8D2900103EF6 /* ZippedFilePath.h in Headers */ = {isa = PBXBuildFile; fileRef = DA319BF2130E8D2900103EF6 /* ZippedFilePath.h */; };
		DA319C19130E8D2900103EF6 /* ZippedFilePath.m in Sources */ = {isa = PBXBuildFile; fileRef = DA319BF3130E8D2900103EF6 /* ZippedFilePath.m */; };
		DA319C24130E8D4200103EF6 /* crypt.h in Headers */ = {isa = PBXBuildFile; fileRef = DA319C1D130E8D4100103EF6 /* crypt.h */; };
		DA319C25130E8D4200103EF6 /* ioapi.c in Sources */ = {isa = PBXBuildFile; fileRef = DA319C1E130E8D4100103EF6 /* ioapi.c */; };
		DA319C26130E8D4200103EF6 /* ioapi.h in Headers */ = {isa = PBXBuildFile; fileRef = DA319C1F130E8D4100103EF6 /* ioapi.h */; };
		DA319C27130E8D4200103EF6 /* unzip.c in Sources */ = {isa = PBXBuildFile; fileRef = DA319C20130E8D4100103EF6 /* unzip.c */; };
		DA319C28130E8D4200103EF6 /* unzip.h in Headers */ = {isa = PBXBuildFile; fileRef = DA319C21130E8D4200103EF6 /* unzip.h */; };
		DA319C29130E8D4200103EF6 /* zip.c in Sources */ = {isa = PBXBuildFile; fileRef = DA319C22130E8D4200103EF6 /* zip.c */; };
		DA319C2A130E8D4200103EF6 /* zip.h in Headers */ = {isa = PBXBuildFile; fileRef = DA319C23130E8D4200103EF6 /* zip.h */; };
		DA799A561365A4AC005DE5D1 /* NSObject+AssociatedObjects.h in Headers */ = {isa = PBXBuildFile; fileRef = DA799A541365A4AC005DE5D1 /* NSObject+AssociatedObjects.h */; };
		DA799A571365A4AC005DE5D1 /* NSObject+AssociatedObjects.m in Sources */ = {isa = PBXBuildFile; fileRef = DA799A551365A4AC005DE5D1 /* NSObject+AssociatedObjects.m */; };
/* End PBXBuildFile section */

/* Begin PBXFileReference section */
		AA747D9E0F9514B9006C5449 /* iPhoneTools_Prefix.pch */ = {isa = PBXFileReference; fileEncoding = 4; lastKnownFileType = sourcecode.c.h; path = iPhoneTools_Prefix.pch; sourceTree = SOURCE_ROOT; };
		AACBBE490F95108600F1A2B1 /* Foundation.framework */ = {isa = PBXFileReference; lastKnownFileType = wrapper.framework; name = Foundation.framework; path = System/Library/Frameworks/Foundation.framework; sourceTree = SDKROOT; };
		B48D6E3D1418E3AC00C2E853 /* UIDevice+Platform.h */ = {isa = PBXFileReference; fileEncoding = 4; lastKnownFileType = sourcecode.c.h; path = "UIDevice+Platform.h"; sourceTree = "<group>"; };
		B48D6E3E1418E3AC00C2E853 /* UIDevice+Platform.m */ = {isa = PBXFileReference; fileEncoding = 4; lastKnownFileType = sourcecode.c.objc; path = "UIDevice+Platform.m"; sourceTree = "<group>"; };
		D2AAC07E0554694100DB518D /* libiPhoneTools.a */ = {isa = PBXFileReference; explicitFileType = archive.ar; includeInIndex = 0; path = libiPhoneTools.a; sourceTree = BUILT_PRODUCTS_DIR; };
		DA319BCA130E8D2900103EF6 /* CryptoProvider.h */ = {isa = PBXFileReference; fileEncoding = 4; lastKnownFileType = sourcecode.c.h; path = CryptoProvider.h; sourceTree = "<group>"; };
		DA319BCB130E8D2900103EF6 /* CryptoProvider.m */ = {isa = PBXFileReference; fileEncoding = 4; lastKnownFileType = sourcecode.c.objc; path = CryptoProvider.m; sourceTree = "<group>"; };
		DA319BCC130E8D2900103EF6 /* EncryptedFilePath.h */ = {isa = PBXFileReference; fileEncoding = 4; lastKnownFileType = sourcecode.c.h; path = EncryptedFilePath.h; sourceTree = "<group>"; };
		DA319BCD130E8D2900103EF6 /* EncryptedFilePath.m */ = {isa = PBXFileReference; fileEncoding = 4; lastKnownFileType = sourcecode.c.objc; path = EncryptedFilePath.m; sourceTree = "<group>"; };
		DA319BCF130E8D2900103EF6 /* FilePath.h */ = {isa = PBXFileReference; fileEncoding = 4; lastKnownFileType = sourcecode.c.h; path = FilePath.h; sourceTree = "<group>"; };
		DA319BD0130E8D2900103EF6 /* FilePath.m */ = {isa = PBXFileReference; fileEncoding = 4; lastKnownFileType = sourcecode.c.objc; path = FilePath.m; sourceTree = "<group>"; };
		DA319BD2130E8D2900103EF6 /* PagerController.h */ = {isa = PBXFileReference; fileEncoding = 4; lastKnownFileType = sourcecode.c.h; path = PagerController.h; sourceTree = "<group>"; };
		DA319BD3130E8D2900103EF6 /* PagerController.m */ = {isa = PBXFileReference; fileEncoding = 4; lastKnownFileType = sourcecode.c.objc; path = PagerController.m; sourceTree = "<group>"; };
		DA319BD5130E8D2900103EF6 /* CGGeometry+Utils.h */ = {isa = PBXFileReference; fileEncoding = 4; lastKnownFileType = sourcecode.c.h; path = "CGGeometry+Utils.h"; sourceTree = "<group>"; };
		DA319BD6130E8D2900103EF6 /* CGGeometry+Utils.m */ = {isa = PBXFileReference; fileEncoding = 4; lastKnownFileType = sourcecode.c.objc; path = "CGGeometry+Utils.m"; sourceTree = "<group>"; };
		DA319BD7130E8D2900103EF6 /* Log.h */ = {isa = PBXFileReference; fileEncoding = 4; lastKnownFileType = sourcecode.c.h; path = Log.h; sourceTree = "<group>"; };
		DA319BD8130E8D2900103EF6 /* NSArray+Utils.h */ = {isa = PBXFileReference; fileEncoding = 4; lastKnownFileType = sourcecode.c.h; path = "NSArray+Utils.h"; sourceTree = "<group>"; };
		DA319BD9130E8D2900103EF6 /* NSArray+Utils.m */ = {isa = PBXFileReference; fileEncoding = 4; lastKnownFileType = sourcecode.c.objc; path = "NSArray+Utils.m"; sourceTree = "<group>"; };
		DA319BDA130E8D2900103EF6 /* NSBundle+Utils.h */ = {isa = PBXFileReference; fileEncoding = 4; lastKnownFileType = sourcecode.c.h; path = "NSBundle+Utils.h"; sourceTree = "<group>"; };
		DA319BDB130E8D2900103EF6 /* NSBundle+Utils.m */ = {isa = PBXFileReference; fileEncoding = 4; lastKnownFileType = sourcecode.c.objc; path = "NSBundle+Utils.m"; sourceTree = "<group>"; };
		DA319BDC130E8D2900103EF6 /* NSCoding.h */ = {isa = PBXFileReference; fileEncoding = 4; lastKnownFileType = sourcecode.c.h; path = NSCoding.h; sourceTree = "<group>"; };
		DA319BDD130E8D2900103EF6 /* NSData+MD5.h */ = {isa = PBXFileReference; fileEncoding = 4; lastKnownFileType = sourcecode.c.h; path = "NSData+MD5.h"; sourceTree = "<group>"; };
		DA319BDE130E8D2900103EF6 /* NSData+MD5.m */ = {isa = PBXFileReference; fileEncoding = 4; lastKnownFileType = sourcecode.c.objc; path = "NSData+MD5.m"; sourceTree = "<group>"; };
		DA319BDF130E8D2900103EF6 /* NSDate+Utils.h */ = {isa = PBXFileReference; fileEncoding = 4; lastKnownFileType = sourcecode.c.h; path = "NSDate+Utils.h"; sourceTree = "<group>"; };
		DA319BE0130E8D2900103EF6 /* NSDate+Utils.m */ = {isa = PBXFileReference; fileEncoding = 4; lastKnownFileType = sourcecode.c.objc; path = "NSDate+Utils.m"; sourceTree = "<group>"; };
		DA319BE1130E8D2900103EF6 /* NSInvocation+Utils.h */ = {isa = PBXFileReference; fileEncoding = 4; lastKnownFileType = sourcecode.c.h; path = "NSInvocation+Utils.h"; sourceTree = "<group>"; };
		DA319BE2130E8D2900103EF6 /* NSInvocation+Utils.m */ = {isa = PBXFileReference; fileEncoding = 4; lastKnownFileType = sourcecode.c.objc; path = "NSInvocation+Utils.m"; sourceTree = "<group>"; };
		DA319BE3130E8D2900103EF6 /* NSObject+Invocation.h */ = {isa = PBXFileReference; fileEncoding = 4; lastKnownFileType = sourcecode.c.h; path = "NSObject+Invocation.h"; sourceTree = "<group>"; };
		DA319BE4130E8D2900103EF6 /* NSObject+Invocation.m */ = {isa = PBXFileReference; fileEncoding = 4; lastKnownFileType = sourcecode.c.objc; path = "NSObject+Invocation.m"; sourceTree = "<group>"; };
		DA319BE5130E8D2900103EF6 /* UIAlertView+Utils.h */ = {isa = PBXFileReference; fileEncoding = 4; lastKnownFileType = sourcecode.c.h; path = "UIAlertView+Utils.h"; sourceTree = "<group>"; };
		DA319BE6130E8D2900103EF6 /* UIAlertView+Utils.m */ = {isa = PBXFileReference; fileEncoding = 4; lastKnownFileType = sourcecode.c.objc; path = "UIAlertView+Utils.m"; sourceTree = "<group>"; };
		DA319BE7130E8D2900103EF6 /* UIImage+Utils.h */ = {isa = PBXFileReference; fileEncoding = 4; lastKnownFileType = sourcecode.c.h; path = "UIImage+Utils.h"; sourceTree = "<group>"; };
		DA319BE8130E8D2900103EF6 /* UIImage+Utils.m */ = {isa = PBXFileReference; fileEncoding = 4; lastKnownFileType = sourcecode.c.objc; path = "UIImage+Utils.m"; sourceTree = "<group>"; };
		DA319BE9130E8D2900103EF6 /* UITableViewCell+NIB.h */ = {isa = PBXFileReference; fileEncoding = 4; lastKnownFileType = sourcecode.c.h; path = "UITableViewCell+NIB.h"; sourceTree = "<group>"; };
		DA319BEA130E8D2900103EF6 /* UITableViewCell+NIB.m */ = {isa = PBXFileReference; fileEncoding = 4; lastKnownFileType = sourcecode.c.objc; path = "UITableViewCell+NIB.m"; sourceTree = "<group>"; };
		DA319BEB130E8D2900103EF6 /* UIView+Debug.h */ = {isa = PBXFileReference; fileEncoding = 4; lastKnownFileType = sourcecode.c.h; path = "UIView+Debug.h"; sourceTree = "<group>"; };
		DA319BEC130E8D2900103EF6 /* UIView+Debug.m */ = {isa = PBXFileReference; fileEncoding = 4; lastKnownFileType = sourcecode.c.objc; path = "UIView+Debug.m"; sourceTree = "<group>"; };
		DA319BED130E8D2900103EF6 /* UIView+NIB.h */ = {isa = PBXFileReference; fileEncoding = 4; lastKnownFileType = sourcecode.c.h; path = "UIView+NIB.h"; sourceTree = "<group>"; };
		DA319BEE130E8D2900103EF6 /* UIView+NIB.m */ = {isa = PBXFileReference; fileEncoding = 4; lastKnownFileType = sourcecode.c.objc; path = "UIView+NIB.m"; sourceTree = "<group>"; };
		DA319BEF130E8D2900103EF6 /* UIWebView+Utils.h */ = {isa = PBXFileReference; fileEncoding = 4; lastKnownFileType = sourcecode.c.h; path = "UIWebView+Utils.h"; sourceTree = "<group>"; };
		DA319BF0130E8D2900103EF6 /* UIWebView+Utils.m */ = {isa = PBXFileReference; fileEncoding = 4; lastKnownFileType = sourcecode.c.objc; path = "UIWebView+Utils.m"; sourceTree = "<group>"; };
		DA319BF2130E8D2900103EF6 /* ZippedFilePath.h */ = {isa = PBXFileReference; fileEncoding = 4; lastKnownFileType = sourcecode.c.h; path = ZippedFilePath.h; sourceTree = "<group>"; };
		DA319BF3130E8D2900103EF6 /* ZippedFilePath.m */ = {isa = PBXFileReference; fileEncoding = 4; lastKnownFileType = sourcecode.c.objc; path = ZippedFilePath.m; sourceTree = "<group>"; };
		DA319C1D130E8D4100103EF6 /* crypt.h */ = {isa = PBXFileReference; fileEncoding = 4; lastKnownFileType = sourcecode.c.h; path = crypt.h; sourceTree = "<group>"; };
		DA319C1E130E8D4100103EF6 /* ioapi.c */ = {isa = PBXFileReference; fileEncoding = 4; lastKnownFileType = sourcecode.c.c; path = ioapi.c; sourceTree = "<group>"; };
		DA319C1F130E8D4100103EF6 /* ioapi.h */ = {isa = PBXFileReference; fileEncoding = 4; lastKnownFileType = sourcecode.c.h; path = ioapi.h; sourceTree = "<group>"; };
		DA319C20130E8D4100103EF6 /* unzip.c */ = {isa = PBXFileReference; fileEncoding = 4; lastKnownFileType = sourcecode.c.c; path = unzip.c; sourceTree = "<group>"; };
		DA319C21130E8D4200103EF6 /* unzip.h */ = {isa = PBXFileReference; fileEncoding = 4; lastKnownFileType = sourcecode.c.h; path = unzip.h; sourceTree = "<group>"; };
		DA319C22130E8D4200103EF6 /* zip.c */ = {isa = PBXFileReference; fileEncoding = 4; lastKnownFileType = sourcecode.c.c; path = zip.c; sourceTree = "<group>"; };
		DA319C23130E8D4200103EF6 /* zip.h */ = {isa = PBXFileReference; fileEncoding = 4; lastKnownFileType = sourcecode.c.h; path = zip.h; sourceTree = "<group>"; };
		DA799A541365A4AC005DE5D1 /* NSObject+AssociatedObjects.h */ = {isa = PBXFileReference; fileEncoding = 4; lastKnownFileType = sourcecode.c.h; path = "NSObject+AssociatedObjects.h"; sourceTree = "<group>"; };
		DA799A551365A4AC005DE5D1 /* NSObject+AssociatedObjects.m */ = {isa = PBXFileReference; fileEncoding = 4; lastKnownFileType = sourcecode.c.objc; path = "NSObject+AssociatedObjects.m"; sourceTree = "<group>"; };
/* End PBXFileReference section */

/* Begin PBXFrameworksBuildPhase section */
		D2AAC07C0554694100DB518D /* Frameworks */ = {
			isa = PBXFrameworksBuildPhase;
			buildActionMask = 2147483647;
			files = (
				AACBBE4A0F95108600F1A2B1 /* Foundation.framework in Frameworks */,
			);
			runOnlyForDeploymentPostprocessing = 0;
		};
/* End PBXFrameworksBuildPhase section */

/* Begin PBXGroup section */
		034768DFFF38A50411DB9C8B /* Products */ = {
			isa = PBXGroup;
			children = (
				D2AAC07E0554694100DB518D /* libiPhoneTools.a */,
			);
			name = Products;
			sourceTree = "<group>";
		};
		0867D691FE84028FC02AAC07 /* iPhoneTools */ = {
			isa = PBXGroup;
			children = (
				DA319BC8130E8D2900103EF6 /* Classes */,
				32C88DFF0371C24200C91783 /* Other Sources */,
				0867D69AFE84028FC02AAC07 /* Frameworks */,
				034768DFFF38A50411DB9C8B /* Products */,
			);
			name = iPhoneTools;
			sourceTree = "<group>";
		};
		0867D69AFE84028FC02AAC07 /* Frameworks */ = {
			isa = PBXGroup;
			children = (
				AACBBE490F95108600F1A2B1 /* Foundation.framework */,
			);
			name = Frameworks;
			sourceTree = "<group>";
		};
		32C88DFF0371C24200C91783 /* Other Sources */ = {
			isa = PBXGroup;
			children = (
				DA319C1C130E8D4100103EF6 /* Minizip */,
				AA747D9E0F9514B9006C5449 /* iPhoneTools_Prefix.pch */,
			);
			name = "Other Sources";
			sourceTree = "<group>";
		};
		DA319BC8130E8D2900103EF6 /* Classes */ = {
			isa = PBXGroup;
			children = (
				DA319BC9130E8D2900103EF6 /* crypto */,
				DA319BCE130E8D2900103EF6 /* files */,
				DA319BD1130E8D2900103EF6 /* ui */,
				DA319BD4130E8D2900103EF6 /* utils */,
				DA319BF1130E8D2900103EF6 /* zip */,
			);
			path = Classes;
			sourceTree = "<group>";
		};
		DA319BC9130E8D2900103EF6 /* crypto */ = {
			isa = PBXGroup;
			children = (
				DA319BCA130E8D2900103EF6 /* CryptoProvider.h */,
				DA319BCB130E8D2900103EF6 /* CryptoProvider.m */,
				DA319BCC130E8D2900103EF6 /* EncryptedFilePath.h */,
				DA319BCD130E8D2900103EF6 /* EncryptedFilePath.m */,
			);
			path = crypto;
			sourceTree = "<group>";
		};
		DA319BCE130E8D2900103EF6 /* files */ = {
			isa = PBXGroup;
			children = (
				DA319BCF130E8D2900103EF6 /* FilePath.h */,
				DA319BD0130E8D2900103EF6 /* FilePath.m */,
			);
			path = files;
			sourceTree = "<group>";
		};
		DA319BD1130E8D2900103EF6 /* ui */ = {
			isa = PBXGroup;
			children = (
				DA319BD2130E8D2900103EF6 /* PagerController.h */,
				DA319BD3130E8D2900103EF6 /* PagerController.m */,
			);
			path = ui;
			sourceTree = "<group>";
		};
		DA319BD4130E8D2900103EF6 /* utils */ = {
			isa = PBXGroup;
			children = (
				DA319BD5130E8D2900103EF6 /* CGGeometry+Utils.h */,
				DA319BD6130E8D2900103EF6 /* CGGeometry+Utils.m */,
				DA319BD7130E8D2900103EF6 /* Log.h */,
				DA319BD8130E8D2900103EF6 /* NSArray+Utils.h */,
				DA319BD9130E8D2900103EF6 /* NSArray+Utils.m */,
				DA319BDA130E8D2900103EF6 /* NSBundle+Utils.h */,
				DA319BDB130E8D2900103EF6 /* NSBundle+Utils.m */,
				DA319BDC130E8D2900103EF6 /* NSCoding.h */,
				DA319BDD130E8D2900103EF6 /* NSData+MD5.h */,
				DA319BDE130E8D2900103EF6 /* NSData+MD5.m */,
				DA319BDF130E8D2900103EF6 /* NSDate+Utils.h */,
				DA319BE0130E8D2900103EF6 /* NSDate+Utils.m */,
				DA319BE1130E8D2900103EF6 /* NSInvocation+Utils.h */,
				DA319BE2130E8D2900103EF6 /* NSInvocation+Utils.m */,
				DA799A541365A4AC005DE5D1 /* NSObject+AssociatedObjects.h */,
				DA799A551365A4AC005DE5D1 /* NSObject+AssociatedObjects.m */,
				DA319BE3130E8D2900103EF6 /* NSObject+Invocation.h */,
				DA319BE4130E8D2900103EF6 /* NSObject+Invocation.m */,
				DA319BE5130E8D2900103EF6 /* UIAlertView+Utils.h */,
				DA319BE6130E8D2900103EF6 /* UIAlertView+Utils.m */,
				DA319BE7130E8D2900103EF6 /* UIImage+Utils.h */,
				DA319BE8130E8D2900103EF6 /* UIImage+Utils.m */,
				DA319BE9130E8D2900103EF6 /* UITableViewCell+NIB.h */,
				DA319BEA130E8D2900103EF6 /* UITableViewCell+NIB.m */,
				DA319BEB130E8D2900103EF6 /* UIView+Debug.h */,
				DA319BEC130E8D2900103EF6 /* UIView+Debug.m */,
				DA319BED130E8D2900103EF6 /* UIView+NIB.h */,
				DA319BEE130E8D2900103EF6 /* UIView+NIB.m */,
				DA319BEF130E8D2900103EF6 /* UIWebView+Utils.h */,
				DA319BF0130E8D2900103EF6 /* UIWebView+Utils.m */,
				B48D6E3D1418E3AC00C2E853 /* UIDevice+Platform.h */,
				B48D6E3E1418E3AC00C2E853 /* UIDevice+Platform.m */,
			);
			path = utils;
			sourceTree = "<group>";
		};
		DA319BF1130E8D2900103EF6 /* zip */ = {
			isa = PBXGroup;
			children = (
				DA319BF2130E8D2900103EF6 /* ZippedFilePath.h */,
				DA319BF3130E8D2900103EF6 /* ZippedFilePath.m */,
			);
			path = zip;
			sourceTree = "<group>";
		};
		DA319C1C130E8D4100103EF6 /* Minizip */ = {
			isa = PBXGroup;
			children = (
				DA319C1D130E8D4100103EF6 /* crypt.h */,
				DA319C1E130E8D4100103EF6 /* ioapi.c */,
				DA319C1F130E8D4100103EF6 /* ioapi.h */,
				DA319C20130E8D4100103EF6 /* unzip.c */,
				DA319C21130E8D4200103EF6 /* unzip.h */,
				DA319C22130E8D4200103EF6 /* zip.c */,
				DA319C23130E8D4200103EF6 /* zip.h */,
			);
			path = Minizip;
			sourceTree = "<group>";
		};
/* End PBXGroup section */

/* Begin PBXHeadersBuildPhase section */
		D2AAC07A0554694100DB518D /* Headers */ = {
			isa = PBXHeadersBuildPhase;
			buildActionMask = 2147483647;
			files = (
				AA747D9F0F9514B9006C5449 /* iPhoneTools_Prefix.pch in Headers */,
				DA319BF4130E8D2900103EF6 /* CryptoProvider.h in Headers */,
				DA319BF6130E8D2900103EF6 /* EncryptedFilePath.h in Headers */,
				DA319BF8130E8D2900103EF6 /* FilePath.h in Headers */,
				DA319BFA130E8D2900103EF6 /* PagerController.h in Headers */,
				DA319BFC130E8D2900103EF6 /* CGGeometry+Utils.h in Headers */,
				DA319BFE130E8D2900103EF6 /* Log.h in Headers */,
				DA319BFF130E8D2900103EF6 /* NSArray+Utils.h in Headers */,
				DA319C01130E8D2900103EF6 /* NSBundle+Utils.h in Headers */,
				DA319C03130E8D2900103EF6 /* NSCoding.h in Headers */,
				DA319C04130E8D2900103EF6 /* NSData+MD5.h in Headers */,
				DA319C06130E8D2900103EF6 /* NSDate+Utils.h in Headers */,
				DA319C08130E8D2900103EF6 /* NSInvocation+Utils.h in Headers */,
				DA319C0A130E8D2900103EF6 /* NSObject+Invocation.h in Headers */,
				DA319C0C130E8D2900103EF6 /* UIAlertView+Utils.h in Headers */,
				DA319C0E130E8D2900103EF6 /* UIImage+Utils.h in Headers */,
				DA319C10130E8D2900103EF6 /* UITableViewCell+NIB.h in Headers */,
				DA319C12130E8D2900103EF6 /* UIView+Debug.h in Headers */,
				DA319C14130E8D2900103EF6 /* UIView+NIB.h in Headers */,
				DA319C16130E8D2900103EF6 /* UIWebView+Utils.h in Headers */,
				DA319C18130E8D2900103EF6 /* ZippedFilePath.h in Headers */,
				DA319C24130E8D4200103EF6 /* crypt.h in Headers */,
				DA319C26130E8D4200103EF6 /* ioapi.h in Headers */,
				DA319C28130E8D4200103EF6 /* unzip.h in Headers */,
				DA319C2A130E8D4200103EF6 /* zip.h in Headers */,
				DA799A561365A4AC005DE5D1 /* NSObject+AssociatedObjects.h in Headers */,
				B48D6E3F1418E3AC00C2E853 /* UIDevice+Platform.h in Headers */,
			);
			runOnlyForDeploymentPostprocessing = 0;
		};
/* End PBXHeadersBuildPhase section */

/* Begin PBXNativeTarget section */
		D2AAC07D0554694100DB518D /* iPhoneTools */ = {
			isa = PBXNativeTarget;
			buildConfigurationList = 1DEB921E08733DC00010E9CD /* Build configuration list for PBXNativeTarget "iPhoneTools" */;
			buildPhases = (
				D2AAC07A0554694100DB518D /* Headers */,
				D2AAC07B0554694100DB518D /* Sources */,
				D2AAC07C0554694100DB518D /* Frameworks */,
			);
			buildRules = (
			);
			dependencies = (
			);
			name = iPhoneTools;
			productName = iPhoneTools;
			productReference = D2AAC07E0554694100DB518D /* libiPhoneTools.a */;
			productType = "com.apple.product-type.library.static";
		};
/* End PBXNativeTarget section */

/* Begin PBXProject section */
		0867D690FE84028FC02AAC07 /* Project object */ = {
			isa = PBXProject;
			attributes = {
				LastUpgradeCheck = 0420;
			};
			buildConfigurationList = 1DEB922208733DC00010E9CD /* Build configuration list for PBXProject "iPhoneTools" */;
			compatibilityVersion = "Xcode 3.2";
			developmentRegion = English;
			hasScannedForEncodings = 1;
			knownRegions = (
				English,
				Japanese,
				French,
				German,
			);
			mainGroup = 0867D691FE84028FC02AAC07 /* iPhoneTools */;
			productRefGroup = 034768DFFF38A50411DB9C8B /* Products */;
			projectDirPath = "";
			projectRoot = "";
			targets = (
				D2AAC07D0554694100DB518D /* iPhoneTools */,
			);
		};
/* End PBXProject section */

/* Begin PBXSourcesBuildPhase section */
		D2AAC07B0554694100DB518D /* Sources */ = {
			isa = PBXSourcesBuildPhase;
			buildActionMask = 2147483647;
			files = (
				DA319BF5130E8D2900103EF6 /* CryptoProvider.m in Sources */,
				DA319BF7130E8D2900103EF6 /* EncryptedFilePath.m in Sources */,
				DA319BF9130E8D2900103EF6 /* FilePath.m in Sources */,
				DA319BFB130E8D2900103EF6 /* PagerController.m in Sources */,
				DA319BFD130E8D2900103EF6 /* CGGeometry+Utils.m in Sources */,
				DA319C00130E8D2900103EF6 /* NSArray+Utils.m in Sources */,
				DA319C02130E8D2900103EF6 /* NSBundle+Utils.m in Sources */,
				DA319C05130E8D2900103EF6 /* NSData+MD5.m in Sources */,
				DA319C07130E8D2900103EF6 /* NSDate+Utils.m in Sources */,
				DA319C09130E8D2900103EF6 /* NSInvocation+Utils.m in Sources */,
				DA319C0B130E8D2900103EF6 /* NSObject+Invocation.m in Sources */,
				DA319C0D130E8D2900103EF6 /* UIAlertView+Utils.m in Sources */,
				DA319C0F130E8D2900103EF6 /* UIImage+Utils.m in Sources */,
				DA319C11130E8D2900103EF6 /* UITableViewCell+NIB.m in Sources */,
				DA319C13130E8D2900103EF6 /* UIView+Debug.m in Sources */,
				DA319C15130E8D2900103EF6 /* UIView+NIB.m in Sources */,
				DA319C17130E8D2900103EF6 /* UIWebView+Utils.m in Sources */,
				DA319C19130E8D2900103EF6 /* ZippedFilePath.m in Sources */,
				DA319C25130E8D4200103EF6 /* ioapi.c in Sources */,
				DA319C27130E8D4200103EF6 /* unzip.c in Sources */,
				DA319C29130E8D4200103EF6 /* zip.c in Sources */,
				DA799A571365A4AC005DE5D1 /* NSObject+AssociatedObjects.m in Sources */,
				B48D6E401418E3AC00C2E853 /* UIDevice+Platform.m in Sources */,
			);
			runOnlyForDeploymentPostprocessing = 0;
		};
/* End PBXSourcesBuildPhase section */

/* Begin XCBuildConfiguration section */
		1DEB921F08733DC00010E9CD /* Debug */ = {
			isa = XCBuildConfiguration;
			buildSettings = {
				ALWAYS_SEARCH_USER_PATHS = NO;
				COPY_PHASE_STRIP = NO;
				DSTROOT = /tmp/iPhoneTools.dst;
				GCC_DYNAMIC_NO_PIC = NO;
				GCC_MODEL_TUNING = G5;
				GCC_OPTIMIZATION_LEVEL = 0;
				GCC_PRECOMPILE_PREFIX_HEADER = YES;
				GCC_PREFIX_HEADER = iPhoneTools_Prefix.pch;
				INSTALL_PATH = /usr/local/lib;
				PRODUCT_NAME = iPhoneTools;
				SDKROOT = iphoneos;
				SKIP_INSTALL = YES;
			};
			name = Debug;
		};
		1DEB922008733DC00010E9CD /* Release */ = {
			isa = XCBuildConfiguration;
			buildSettings = {
				ALWAYS_SEARCH_USER_PATHS = NO;
				DSTROOT = /tmp/iPhoneTools.dst;
				GCC_MODEL_TUNING = G5;
				GCC_PRECOMPILE_PREFIX_HEADER = YES;
				GCC_PREFIX_HEADER = iPhoneTools_Prefix.pch;
				INSTALL_PATH = /usr/local/lib;
				PRODUCT_NAME = iPhoneTools;
				SDKROOT = iphoneos;
				SKIP_INSTALL = YES;
			};
			name = Release;
		};
		1DEB922308733DC00010E9CD /* Debug */ = {
			isa = XCBuildConfiguration;
			buildSettings = {
				GCC_C_LANGUAGE_STANDARD = c99;
				GCC_OPTIMIZATION_LEVEL = 0;
				GCC_WARN_ABOUT_RETURN_TYPE = YES;
				GCC_WARN_UNUSED_VARIABLE = YES;
				IPHONEOS_DEPLOYMENT_TARGET = 4.2;
				OTHER_LDFLAGS = "-ObjC";
				SDKROOT = iphoneos;
			};
			name = Debug;
		};
		1DEB922408733DC00010E9CD /* Release */ = {
			isa = XCBuildConfiguration;
			buildSettings = {
				GCC_C_LANGUAGE_STANDARD = c99;
				GCC_WARN_ABOUT_RETURN_TYPE = YES;
				GCC_WARN_UNUSED_VARIABLE = YES;
				IPHONEOS_DEPLOYMENT_TARGET = 4.2;
				OTHER_LDFLAGS = "-ObjC";
				SDKROOT = iphoneos;
			};
			name = Release;
		};
/* End XCBuildConfiguration section */

/* Begin XCConfigurationList section */
		1DEB921E08733DC00010E9CD /* Build configuration list for PBXNativeTarget "iPhoneTools" */ = {
			isa = XCConfigurationList;
			buildConfigurations = (
				1DEB921F08733DC00010E9CD /* Debug */,
				1DEB922008733DC00010E9CD /* Release */,
			);
			defaultConfigurationIsVisible = 0;
			defaultConfigurationName = Release;
		};
		1DEB922208733DC00010E9CD /* Build configuration list for PBXProject "iPhoneTools" */ = {
			isa = XCConfigurationList;
			buildConfigurations = (
				1DEB922308733DC00010E9CD /* Debug */,
				1DEB922408733DC00010E9CD /* Release */,
			);
			defaultConfigurationIsVisible = 0;
			defaultConfigurationName = Release;
		};
/* End XCConfigurationList section */
	};
	rootObject = 0867D690FE84028FC02AAC07 /* Project object */;
}
